{
  "name": "sample-project",
  "version": "1.0.0",
  "lockfileVersion": 3,
  "requires": true,
  "packages": {
    "": {
      "name": "sample-project",
      "version": "1.0.0",
      "dependencies": {
        "lodash": "^4.17.21",
        "@scope/utils": "^1.0.0"
      },
      "devDependencies": {
        "typescript": "^5.0.0"
      }
    },
    "node_modules/lodash": {
      "version": "4.17.21",
      "resolved": "https://registry.npmjs.org/lodash/-/lodash-4.17.21.tgz"
    },
    "node_modules/@scope/utils": {
      "version": "1.2.3",
      "resolved": "https://registry.npmjs.org/@scope/utils/-/utils-1.2.3.tgz",
      "dependencies": {
        "lodash": "^4.17.0"
      }
    },
    "node_modules/typescript": {
      "version": "5.0.4",
      "resolved": "https://registry.npmjs.org/typescript/-/typescript-5.0.4.tgz",
      "dev": true
    }
  }
}

