# This file is generated by running "yarn install" inside your project.
# Manual changes might be lost - proceed with caution!

__metadata:
  version: 6
  cacheKey: 8

"lodash@npm:^4.17.21":
  version: 4.17.21
  resolution: "lodash@npm:4.17.21"
  checksum: fake123

"express@npm:^4.18.0":
  version: 4.18.2
  resolution: "express@npm:4.18.2"
  dependencies:
    body-parser: "npm:1.20.1"
  checksum: fake456

"body-parser@npm:1.20.1":
  version: 1.20.1
  resolution: "body-parser@npm:1.20.1"
  checksum: fake789

