# This file is automatically generated by Poetry and should not be modified.

[[package]]
name = "requests"
version = "2.31.0"
description = "Python HTTP library"
category = "main"

[package.dependencies]
urllib3 = ">=1.21.1"
certifi = ">=2017.4.17"

[[package]]
name = "urllib3"
version = "2.0.4"
description = "HTTP library with thread-safe connection pooling"
category = "main"

[[package]]
name = "certifi"
version = "2023.7.22"
description = "Python package for providing Mozilla's CA Bundle"
category = "main"

[[package]]
name = "pytest"
version = "7.4.0"
description = "pytest: simple powerful testing with Python"
category = "dev"

[metadata]
lock-version = "2.0"
python-versions = "^3.9"

